
Microsoft Visual Studio Solution File, Format Version 12.00
# Visual Studio Version 16
VisualStudioVersion = 16.0.31105.61
MinimumVisualStudioVersion = 10.0.40219.1
Project("{FAE04EC0-301F-11D3-BF4B-00C04F79EFBC}") = "IT008-MusicPlayer", "IT008-MusicPlayer\IT008-MusicPlayer.csproj", "{0FF25598-1C5C-4394-B58C-766B28650C58}"
EndProject
Global
	GlobalSection(SolutionConfigurationPlatforms) = preSolution
		Debug|Any CPU = Debug|Any CPU
		Release|Any CPU = Release|Any CPU
	EndGlobalSection
	GlobalSection(ProjectConfigurationPlatforms) = postSolution
		{0FF25598-1C5C-4394-B58C-766B28650C58}.Debug|Any CPU.ActiveCfg = Debug|Any CPU
		{0FF25598-1C5C-4394-B58C-766B28650C58}.Debug|Any CPU.Build.0 = Debug|Any CPU
		{0FF25598-1C5C-4394-B58C-766B28650C58}.Release|Any CPU.ActiveCfg = Release|Any CPU
		{0FF25598-1C5C-4394-B58C-766B28650C58}.Release|Any CPU.Build.0 = Release|Any CPU
	EndGlobalSection
	GlobalSection(SolutionProperties) = preSolution
		HideSolutionNode = FALSE
	EndGlobalSection
	GlobalSection(ExtensibilityGlobals) = postSolution
		SolutionGuid = {AA2577E1-EDB9-4A6B-ADAC-1F4B0B84AA8C}
	EndGlobalSection
EndGlobal
